// !$*UTF8*$!
{
	archiveVersion = 1;
	classes = {
	};
	objectVersion = 46;
	objects = {

/* Begin PBXBuildFile section */
		28E824131B623D0E00EB306F /* main.m in Sources */ = {isa = PBXBuildFile; fileRef = 28E824121B623D0E00EB306F /* main.m */; };
		28E824161B623D0E00EB306F /* AppDelegate.m in Sources */ = {isa = PBXBuildFile; fileRef = 28E824151B623D0E00EB306F /* AppDelegate.m */; };
		28E824191B623D0E00EB306F /* ViewController.m in Sources */ = {isa = PBXBuildFile; fileRef = 28E824181B623D0E00EB306F /* ViewController.m */; };
		28E8241C1B623D0E00EB306F /* Main.storyboard in Resources */ = {isa = PBXBuildFile; fileRef = 28E8241A1B623D0E00EB306F /* Main.storyboard */; };
		28E8241E1B623D0E00EB306F /* Images.xcassets in Resources */ = {isa = PBXBuildFile; fileRef = 28E8241D1B623D0E00EB306F /* Images.xcassets */; };
		28E824211B623D0E00EB306F /* LaunchScreen.xib in Resources */ = {isa = PBXBuildFile; fileRef = 28E8241F1B623D0E00EB306F /* LaunchScreen.xib */; };
		28E8242D1B623D0E00EB306F /* DrawingTests.m in Sources */ = {isa = PBXBuildFile; fileRef = 28E8242C1B623D0E00EB306F /* DrawingTests.m */; };
		28E824511B623EC100EB306F /* WDViewController.m in Sources */ = {isa = PBXBuildFile; fileRef = 28E824501B623EC100EB306F /* WDViewController.m */; };
		28E824571B623F1700EB306F /* WDDrawView.m in Sources */ = {isa = PBXBuildFile; fileRef = 28E824561B623F1700EB306F /* WDDrawView.m */; };
		28E824601B623F6500EB306F /* WDPath.m in Sources */ = {isa = PBXBuildFile; fileRef = 28E8245F1B623F6500EB306F /* WDPath.m */; };
		28E824631B623F7E00EB306F /* WDColorPickController.m in Sources */ = {isa = PBXBuildFile; fileRef = 28E824621B623F7E00EB306F /* WDColorPickController.m */; };
		28E824661B62405C00EB306F /* NKOColorPickerView.m in Sources */ = {isa = PBXBuildFile; fileRef = 28E824651B62405C00EB306F /* NKOColorPickerView.m */; };
		28E824721B62468600EB306F /* nko_brightness_guide.png in Resources */ = {isa = PBXBuildFile; fileRef = 28E8246F1B62468600EB306F /* nko_brightness_guide.png */; };
		28E824731B62468600EB306F /* nko_brightness_guide@2x.png in Resources */ = {isa = PBXBuildFile; fileRef = 28E824701B62468600EB306F /* nko_brightness_guide@2x.png */; };
		28E824741B62468600EB306F /* nko_colormap.png in Resources */ = {isa = PBXBuildFile; fileRef = 28E824711B62468600EB306F /* nko_colormap.png */; };
		391327461BB128E400DA26E5 /* Wilddog.framework in Frameworks */ = {isa = PBXBuildFile; fileRef = 391327441BB128D600DA26E5 /* Wilddog.framework */; };
		391327471BB128E400DA26E5 /* Wilddog.framework in Embed Frameworks */ = {isa = PBXBuildFile; fileRef = 391327441BB128D600DA26E5 /* Wilddog.framework */; settings = {ATTRIBUTES = (CodeSignOnCopy, RemoveHeadersOnCopy, ); }; };
		39F727021C5A1592003460F0 /* JavaScriptCore.framework in Frameworks */ = {isa = PBXBuildFile; fileRef = 39F727011C5A1592003460F0 /* JavaScriptCore.framework */; };
		39F727041C5A1597003460F0 /* libsqlite3.0.tbd in Frameworks */ = {isa = PBXBuildFile; fileRef = 39F727031C5A1597003460F0 /* libsqlite3.0.tbd */; };
/* End PBXBuildFile section */

/* Begin PBXContainerItemProxy section */
		28E824271B623D0E00EB306F /* PBXContainerItemProxy */ = {
			isa = PBXContainerItemProxy;
			containerPortal = 28E824051B623D0E00EB306F /* Project object */;
			proxyType = 1;
			remoteGlobalIDString = 28E8240C1B623D0E00EB306F;
			remoteInfo = Drawing;
		};
/* End PBXContainerItemProxy section */

/* Begin PBXCopyFilesBuildPhase section */
		28E8244E1B623E2F00EB306F /* Embed Frameworks */ = {
			isa = PBXCopyFilesBuildPhase;
			buildActionMask = 2147483647;
			dstPath = "";
			dstSubfolderSpec = 10;
			files = (
				391327471BB128E400DA26E5 /* Wilddog.framework in Embed Frameworks */,
			);
			name = "Embed Frameworks";
			runOnlyForDeploymentPostprocessing = 0;
		};
/* End PBXCopyFilesBuildPhase section */

/* Begin PBXFileReference section */
		28E8240D1B623D0E00EB306F /* Drawing.app */ = {isa = PBXFileReference; explicitFileType = wrapper.application; includeInIndex = 0; path = Drawing.app; sourceTree = BUILT_PRODUCTS_DIR; };
		28E824111B623D0E00EB306F /* Info.plist */ = {isa = PBXFileReference; lastKnownFileType = text.plist.xml; path = Info.plist; sourceTree = "<group>"; };
		28E824121B623D0E00EB306F /* main.m */ = {isa = PBXFileReference; lastKnownFileType = sourcecode.c.objc; path = main.m; sourceTree = "<group>"; };
		28E824141B623D0E00EB306F /* AppDelegate.h */ = {isa = PBXFileReference; lastKnownFileType = sourcecode.c.h; path = AppDelegate.h; sourceTree = "<group>"; };
		28E824151B623D0E00EB306F /* AppDelegate.m */ = {isa = PBXFileReference; lastKnownFileType = sourcecode.c.objc; path = AppDelegate.m; sourceTree = "<group>"; };
		28E824171B623D0E00EB306F /* ViewController.h */ = {isa = PBXFileReference; lastKnownFileType = sourcecode.c.h; path = ViewController.h; sourceTree = "<group>"; };
		28E824181B623D0E00EB306F /* ViewController.m */ = {isa = PBXFileReference; lastKnownFileType = sourcecode.c.objc; path = ViewController.m; sourceTree = "<group>"; };
		28E8241B1B623D0E00EB306F /* Base */ = {isa = PBXFileReference; lastKnownFileType = file.storyboard; name = Base; path = Base.lproj/Main.storyboard; sourceTree = "<group>"; };
		28E8241D1B623D0E00EB306F /* Images.xcassets */ = {isa = PBXFileReference; lastKnownFileType = folder.assetcatalog; path = Images.xcassets; sourceTree = "<group>"; };
		28E824201B623D0E00EB306F /* Base */ = {isa = PBXFileReference; lastKnownFileType = file.xib; name = Base; path = Base.lproj/LaunchScreen.xib; sourceTree = "<group>"; };
		28E824261B623D0E00EB306F /* DrawingTests.xctest */ = {isa = PBXFileReference; explicitFileType = wrapper.cfbundle; includeInIndex = 0; path = DrawingTests.xctest; sourceTree = BUILT_PRODUCTS_DIR; };
		28E8242B1B623D0E00EB306F /* Info.plist */ = {isa = PBXFileReference; lastKnownFileType = text.plist.xml; path = Info.plist; sourceTree = "<group>"; };
		28E8242C1B623D0E00EB306F /* DrawingTests.m */ = {isa = PBXFileReference; lastKnownFileType = sourcecode.c.objc; path = DrawingTests.m; sourceTree = "<group>"; };
		28E8244F1B623EC100EB306F /* WDViewController.h */ = {isa = PBXFileReference; fileEncoding = 4; lastKnownFileType = sourcecode.c.h; path = WDViewController.h; sourceTree = "<group>"; };
		28E824501B623EC100EB306F /* WDViewController.m */ = {isa = PBXFileReference; fileEncoding = 4; lastKnownFileType = sourcecode.c.objc; path = WDViewController.m; sourceTree = "<group>"; };
		28E824551B623F1700EB306F /* WDDrawView.h */ = {isa = PBXFileReference; fileEncoding = 4; lastKnownFileType = sourcecode.c.h; path = WDDrawView.h; sourceTree = "<group>"; };
		28E824561B623F1700EB306F /* WDDrawView.m */ = {isa = PBXFileReference; fileEncoding = 4; lastKnownFileType = sourcecode.c.objc; path = WDDrawView.m; sourceTree = "<group>"; };
		28E8245E1B623F6500EB306F /* WDPath.h */ = {isa = PBXFileReference; fileEncoding = 4; lastKnownFileType = sourcecode.c.h; path = WDPath.h; sourceTree = "<group>"; };
		28E8245F1B623F6500EB306F /* WDPath.m */ = {isa = PBXFileReference; fileEncoding = 4; lastKnownFileType = sourcecode.c.objc; path = WDPath.m; sourceTree = "<group>"; };
		28E824611B623F7E00EB306F /* WDColorPickController.h */ = {isa = PBXFileReference; fileEncoding = 4; lastKnownFileType = sourcecode.c.h; path = WDColorPickController.h; sourceTree = "<group>"; };
		28E824621B623F7E00EB306F /* WDColorPickController.m */ = {isa = PBXFileReference; fileEncoding = 4; lastKnownFileType = sourcecode.c.objc; path = WDColorPickController.m; sourceTree = "<group>"; };
		28E824641B62405C00EB306F /* NKOColorPickerView.h */ = {isa = PBXFileReference; fileEncoding = 4; lastKnownFileType = sourcecode.c.h; path = NKOColorPickerView.h; sourceTree = "<group>"; };
		28E824651B62405C00EB306F /* NKOColorPickerView.m */ = {isa = PBXFileReference; fileEncoding = 4; lastKnownFileType = sourcecode.c.objc; path = NKOColorPickerView.m; sourceTree = "<group>"; };
		28E8246F1B62468600EB306F /* nko_brightness_guide.png */ = {isa = PBXFileReference; lastKnownFileType = image.png; path = nko_brightness_guide.png; sourceTree = "<group>"; };
		28E824701B62468600EB306F /* nko_brightness_guide@2x.png */ = {isa = PBXFileReference; lastKnownFileType = image.png; path = "nko_brightness_guide@2x.png"; sourceTree = "<group>"; };
		28E824711B62468600EB306F /* nko_colormap.png */ = {isa = PBXFileReference; lastKnownFileType = image.png; path = nko_colormap.png; sourceTree = "<group>"; };
		391327441BB128D600DA26E5 /* Wilddog.framework */ = {isa = PBXFileReference; lastKnownFileType = wrapper.framework; path = Wilddog.framework; sourceTree = "<group>"; };
		39F727011C5A1592003460F0 /* JavaScriptCore.framework */ = {isa = PBXFileReference; lastKnownFileType = wrapper.framework; name = JavaScriptCore.framework; path = System/Library/Frameworks/JavaScriptCore.framework; sourceTree = SDKROOT; };
		39F727031C5A1597003460F0 /* libsqlite3.0.tbd */ = {isa = PBXFileReference; lastKnownFileType = "sourcecode.text-based-dylib-definition"; name = libsqlite3.0.tbd; path = usr/lib/libsqlite3.0.tbd; sourceTree = SDKROOT; };
/* End PBXFileReference section */

/* Begin PBXFrameworksBuildPhase section */
		28E8240A1B623D0E00EB306F /* Frameworks */ = {
			isa = PBXFrameworksBuildPhase;
			buildActionMask = 2147483647;
			files = (
				39F727041C5A1597003460F0 /* libsqlite3.0.tbd in Frameworks */,
				39F727021C5A1592003460F0 /* JavaScriptCore.framework in Frameworks */,
				391327461BB128E400DA26E5 /* Wilddog.framework in Frameworks */,
			);
			runOnlyForDeploymentPostprocessing = 0;
		};
		28E824231B623D0E00EB306F /* Frameworks */ = {
			isa = PBXFrameworksBuildPhase;
			buildActionMask = 2147483647;
			files = (
			);
			runOnlyForDeploymentPostprocessing = 0;
		};
/* End PBXFrameworksBuildPhase section */

/* Begin PBXGroup section */
		28E824041B623D0E00EB306F = {
			isa = PBXGroup;
			children = (
				39F727031C5A1597003460F0 /* libsqlite3.0.tbd */,
				39F727011C5A1592003460F0 /* JavaScriptCore.framework */,
				28E8240F1B623D0E00EB306F /* Drawing */,
				28E824291B623D0E00EB306F /* DrawingTests */,
				28E8240E1B623D0E00EB306F /* Products */,
			);
			sourceTree = "<group>";
		};
		28E8240E1B623D0E00EB306F /* Products */ = {
			isa = PBXGroup;
			children = (
				28E8240D1B623D0E00EB306F /* Drawing.app */,
				28E824261B623D0E00EB306F /* DrawingTests.xctest */,
			);
			name = Products;
			sourceTree = "<group>";
		};
		28E8240F1B623D0E00EB306F /* Drawing */ = {
			isa = PBXGroup;
			children = (
				391327441BB128D600DA26E5 /* Wilddog.framework */,
				28E824141B623D0E00EB306F /* AppDelegate.h */,
				28E824151B623D0E00EB306F /* AppDelegate.m */,
				28E8244F1B623EC100EB306F /* WDViewController.h */,
				28E824501B623EC100EB306F /* WDViewController.m */,
				28E824551B623F1700EB306F /* WDDrawView.h */,
				28E824561B623F1700EB306F /* WDDrawView.m */,
				28E8245E1B623F6500EB306F /* WDPath.h */,
				28E8245F1B623F6500EB306F /* WDPath.m */,
				28E824611B623F7E00EB306F /* WDColorPickController.h */,
				28E824621B623F7E00EB306F /* WDColorPickController.m */,
				28E824641B62405C00EB306F /* NKOColorPickerView.h */,
				28E824651B62405C00EB306F /* NKOColorPickerView.m */,
				28E8246E1B62468600EB306F /* Assets */,
				28E824171B623D0E00EB306F /* ViewController.h */,
				28E824181B623D0E00EB306F /* ViewController.m */,
				28E8241A1B623D0E00EB306F /* Main.storyboard */,
				28E8241D1B623D0E00EB306F /* Images.xcassets */,
				28E8241F1B623D0E00EB306F /* LaunchScreen.xib */,
				28E824101B623D0E00EB306F /* Supporting Files */,
			);
			path = Drawing;
			sourceTree = "<group>";
		};
		28E824101B623D0E00EB306F /* Supporting Files */ = {
			isa = PBXGroup;
			children = (
				28E824111B623D0E00EB306F /* Info.plist */,
				28E824121B623D0E00EB306F /* main.m */,
			);
			name = "Supporting Files";
			sourceTree = "<group>";
		};
		28E824291B623D0E00EB306F /* DrawingTests */ = {
			isa = PBXGroup;
			children = (
				28E8242C1B623D0E00EB306F /* DrawingTests.m */,
				28E8242A1B623D0E00EB306F /* Supporting Files */,
			);
			path = DrawingTests;
			sourceTree = "<group>";
		};
		28E8242A1B623D0E00EB306F /* Supporting Files */ = {
			isa = PBXGroup;
			children = (
				28E8242B1B623D0E00EB306F /* Info.plist */,
			);
			name = "Supporting Files";
			sourceTree = "<group>";
		};
		28E8246E1B62468600EB306F /* Assets */ = {
			isa = PBXGroup;
			children = (
				28E8246F1B62468600EB306F /* nko_brightness_guide.png */,
				28E824701B62468600EB306F /* nko_brightness_guide@2x.png */,
				28E824711B62468600EB306F /* nko_colormap.png */,
			);
			path = Assets;
			sourceTree = "<group>";
		};
/* End PBXGroup section */

/* Begin PBXNativeTarget section */
		28E8240C1B623D0E00EB306F /* Drawing */ = {
			isa = PBXNativeTarget;
			buildConfigurationList = 28E824301B623D0E00EB306F /* Build configuration list for PBXNativeTarget "Drawing" */;
			buildPhases = (
				28E824091B623D0E00EB306F /* Sources */,
				28E8240A1B623D0E00EB306F /* Frameworks */,
				28E8240B1B623D0E00EB306F /* Resources */,
				28E8244E1B623E2F00EB306F /* Embed Frameworks */,
			);
			buildRules = (
			);
			dependencies = (
			);
			name = Drawing;
			productName = Drawing;
			productReference = 28E8240D1B623D0E00EB306F /* Drawing.app */;
			productType = "com.apple.product-type.application";
		};
		28E824251B623D0E00EB306F /* DrawingTests */ = {
			isa = PBXNativeTarget;
			buildConfigurationList = 28E824331B623D0E00EB306F /* Build configuration list for PBXNativeTarget "DrawingTests" */;
			buildPhases = (
				28E824221B623D0E00EB306F /* Sources */,
				28E824231B623D0E00EB306F /* Frameworks */,
				28E824241B623D0E00EB306F /* Resources */,
			);
			buildRules = (
			);
			dependencies = (
				28E824281B623D0E00EB306F /* PBXTargetDependency */,
			);
			name = DrawingTests;
			productName = DrawingTests;
			productReference = 28E824261B623D0E00EB306F /* DrawingTests.xctest */;
			productType = "com.apple.product-type.bundle.unit-test";
		};
/* End PBXNativeTarget section */

/* Begin PBXProject section */
		28E824051B623D0E00EB306F /* Project object */ = {
			isa = PBXProject;
			attributes = {
				LastUpgradeCheck = 0640;
				ORGANIZATIONNAME = IMacLi;
				TargetAttributes = {
					28E8240C1B623D0E00EB306F = {
						CreatedOnToolsVersion = 6.4;
					};
					28E824251B623D0E00EB306F = {
						CreatedOnToolsVersion = 6.4;
						TestTargetID = 28E8240C1B623D0E00EB306F;
					};
				};
			};
			buildConfigurationList = 28E824081B623D0E00EB306F /* Build configuration list for PBXProject "Drawing" */;
			compatibilityVersion = "Xcode 3.2";
			developmentRegion = English;
			hasScannedForEncodings = 0;
			knownRegions = (
				en,
				Base,
			);
			mainGroup = 28E824041B623D0E00EB306F;
			productRefGroup = 28E8240E1B623D0E00EB306F /* Products */;
			projectDirPath = "";
			projectRoot = "";
			targets = (
				28E8240C1B623D0E00EB306F /* Drawing */,
				28E824251B623D0E00EB306F /* DrawingTests */,
			);
		};
/* End PBXProject section */

/* Begin PBXResourcesBuildPhase section */
		28E8240B1B623D0E00EB306F /* Resources */ = {
			isa = PBXResourcesBuildPhase;
			buildActionMask = 2147483647;
			files = (
				28E824721B62468600EB306F /* nko_brightness_guide.png in Resources */,
				28E8241C1B623D0E00EB306F /* Main.storyboard in Resources */,
				28E824731B62468600EB306F /* nko_brightness_guide@2x.png in Resources */,
				28E824741B62468600EB306F /* nko_colormap.png in Resources */,
				28E824211B623D0E00EB306F /* LaunchScreen.xib in Resources */,
				28E8241E1B623D0E00EB306F /* Images.xcassets in Resources */,
			);
			runOnlyForDeploymentPostprocessing = 0;
		};
		28E824241B623D0E00EB306F /* Resources */ = {
			isa = PBXResourcesBuildPhase;
			buildActionMask = 2147483647;
			files = (
			);
			runOnlyForDeploymentPostprocessing = 0;
		};
/* End PBXResourcesBuildPhase section */

/* Begin PBXSourcesBuildPhase section */
		28E824091B623D0E00EB306F /* Sources */ = {
			isa = PBXSourcesBuildPhase;
			buildActionMask = 2147483647;
			files = (
				28E824571B623F1700EB306F /* WDDrawView.m in Sources */,
				28E824191B623D0E00EB306F /* ViewController.m in Sources */,
				28E824161B623D0E00EB306F /* AppDelegate.m in Sources */,
				28E824131B623D0E00EB306F /* main.m in Sources */,
				28E824601B623F6500EB306F /* WDPath.m in Sources */,
				28E824631B623F7E00EB306F /* WDColorPickController.m in Sources */,
				28E824511B623EC100EB306F /* WDViewController.m in Sources */,
				28E824661B62405C00EB306F /* NKOColorPickerView.m in Sources */,
			);
			runOnlyForDeploymentPostprocessing = 0;
		};
		28E824221B623D0E00EB306F /* Sources */ = {
			isa = PBXSourcesBuildPhase;
			buildActionMask = 2147483647;
			files = (
				28E8242D1B623D0E00EB306F /* DrawingTests.m in Sources */,
			);
			runOnlyForDeploymentPostprocessing = 0;
		};
/* End PBXSourcesBuildPhase section */

/* Begin PBXTargetDependency section */
		28E824281B623D0E00EB306F /* PBXTargetDependency */ = {
			isa = PBXTargetDependency;
			target = 28E8240C1B623D0E00EB306F /* Drawing */;
			targetProxy = 28E824271B623D0E00EB306F /* PBXContainerItemProxy */;
		};
/* End PBXTargetDependency section */

/* Begin PBXVariantGroup section */
		28E8241A1B623D0E00EB306F /* Main.storyboard */ = {
			isa = PBXVariantGroup;
			children = (
				28E8241B1B623D0E00EB306F /* Base */,
			);
			name = Main.storyboard;
			sourceTree = "<group>";
		};
		28E8241F1B623D0E00EB306F /* LaunchScreen.xib */ = {
			isa = PBXVariantGroup;
			children = (
				28E824201B623D0E00EB306F /* Base */,
			);
			name = LaunchScreen.xib;
			sourceTree = "<group>";
		};
/* End PBXVariantGroup section */

/* Begin XCBuildConfiguration section */
		28E8242E1B623D0E00EB306F /* Debug */ = {
			isa = XCBuildConfiguration;
			buildSettings = {
				ALWAYS_SEARCH_USER_PATHS = NO;
				CLANG_CXX_LANGUAGE_STANDARD = "gnu++0x";
				CLANG_CXX_LIBRARY = "libc++";
				CLANG_ENABLE_MODULES = YES;
				CLANG_ENABLE_OBJC_ARC = YES;
				CLANG_WARN_BOOL_CONVERSION = YES;
				CLANG_WARN_CONSTANT_CONVERSION = YES;
				CLANG_WARN_DIRECT_OBJC_ISA_USAGE = YES_ERROR;
				CLANG_WARN_EMPTY_BODY = YES;
				CLANG_WARN_ENUM_CONVERSION = YES;
				CLANG_WARN_INT_CONVERSION = YES;
				CLANG_WARN_OBJC_ROOT_CLASS = YES_ERROR;
				CLANG_WARN_UNREACHABLE_CODE = YES;
				CLANG_WARN__DUPLICATE_METHOD_MATCH = YES;
				"CODE_SIGN_IDENTITY[sdk=iphoneos*]" = "iPhone Developer";
				COPY_PHASE_STRIP = NO;
				DEBUG_INFORMATION_FORMAT = "dwarf-with-dsym";
				ENABLE_STRICT_OBJC_MSGSEND = YES;
				GCC_C_LANGUAGE_STANDARD = gnu99;
				GCC_DYNAMIC_NO_PIC = NO;
				GCC_NO_COMMON_BLOCKS = YES;
				GCC_OPTIMIZATION_LEVEL = 0;
				GCC_PREPROCESSOR_DEFINITIONS = (
					"DEBUG=1",
					"$(inherited)",
				);
				GCC_SYMBOLS_PRIVATE_EXTERN = NO;
				GCC_WARN_64_TO_32_BIT_CONVERSION = YES;
				GCC_WARN_ABOUT_RETURN_TYPE = YES_ERROR;
				GCC_WARN_UNDECLARED_SELECTOR = YES;
				GCC_WARN_UNINITIALIZED_AUTOS = YES_AGGRESSIVE;
				GCC_WARN_UNUSED_FUNCTION = YES;
				GCC_WARN_UNUSED_VARIABLE = YES;
				IPHONEOS_DEPLOYMENT_TARGET = 8.4;
				MTL_ENABLE_DEBUG_INFO = YES;
				ONLY_ACTIVE_ARCH = YES;
				SDKROOT = iphoneos;
			};
			name = Debug;
		};
		28E8242F1B623D0E00EB306F /* Release */ = {
			isa = XCBuildConfiguration;
			buildSettings = {
				ALWAYS_SEARCH_USER_PATHS = NO;
				CLANG_CXX_LANGUAGE_STANDARD = "gnu++0x";
				CLANG_CXX_LIBRARY = "libc++";
				CLANG_ENABLE_MODULES = YES;
				CLANG_ENABLE_OBJC_ARC = YES;
				CLANG_WARN_BOOL_CONVERSION = YES;
				CLANG_WARN_CONSTANT_CONVERSION = YES;
				CLANG_WARN_DIRECT_OBJC_ISA_USAGE = YES_ERROR;
				CLANG_WARN_EMPTY_BODY = YES;
				CLANG_WARN_ENUM_CONVERSION = YES;
				CLANG_WARN_INT_CONVERSION = YES;
				CLANG_WARN_OBJC_ROOT_CLASS = YES_ERROR;
				CLANG_WARN_UNREACHABLE_CODE = YES;
				CLANG_WARN__DUPLICATE_METHOD_MATCH = YES;
				"CODE_SIGN_IDENTITY[sdk=iphoneos*]" = "iPhone Developer";
				COPY_PHASE_STRIP = NO;
				DEBUG_INFORMATION_FORMAT = "dwarf-with-dsym";
				ENABLE_NS_ASSERTIONS = NO;
				ENABLE_STRICT_OBJC_MSGSEND = YES;
				GCC_C_LANGUAGE_STANDARD = gnu99;
				GCC_NO_COMMON_BLOCKS = YES;
				GCC_WARN_64_TO_32_BIT_CONVERSION = YES;
				GCC_WARN_ABOUT_RETURN_TYPE = YES_ERROR;
				GCC_WARN_UNDECLARED_SELECTOR = YES;
				GCC_WARN_UNINITIALIZED_AUTOS = YES_AGGRESSIVE;
				GCC_WARN_UNUSED_FUNCTION = YES;
				GCC_WARN_UNUSED_VARIABLE = YES;
				IPHONEOS_DEPLOYMENT_TARGET = 8.4;
				MTL_ENABLE_DEBUG_INFO = NO;
				SDKROOT = iphoneos;
				VALIDATE_PRODUCT = YES;
			};
			name = Release;
		};
		28E824311B623D0E00EB306F /* Debug */ = {
			isa = XCBuildConfiguration;
			buildSettings = {
				ASSETCATALOG_COMPILER_APPICON_NAME = AppIcon;
				FRAMEWORK_SEARCH_PATHS = (
					"$(inherited)",
					"$(PROJECT_DIR)/Drawing",
				);
				HEADER_SEARCH_PATHS = (
					"$(inherited)",
					/Applications/Xcode.app/Contents/Developer/Toolchains/XcodeDefault.xctoolchain/usr/include,
					"../**",
				);
				INFOPLIST_FILE = Drawing/Info.plist;
				LD_RUNPATH_SEARCH_PATHS = "$(inherited) @executable_path/Frameworks";
				PRODUCT_NAME = "$(TARGET_NAME)";
			};
			name = Debug;
		};
		28E824321B623D0E00EB306F /* Release */ = {
			isa = XCBuildConfiguration;
			buildSettings = {
				ASSETCATALOG_COMPILER_APPICON_NAME = AppIcon;
				FRAMEWORK_SEARCH_PATHS = (
					"$(inherited)",
					"$(PROJECT_DIR)/Drawing",
				);
				HEADER_SEARCH_PATHS = (
					"$(inherited)",
					/Applications/Xcode.app/Contents/Developer/Toolchains/XcodeDefault.xctoolchain/usr/include,
					"../**",
				);
				INFOPLIST_FILE = Drawing/Info.plist;
				LD_RUNPATH_SEARCH_PATHS = "$(inherited) @executable_path/Frameworks";
				PRODUCT_NAME = "$(TARGET_NAME)";
			};
			name = Release;
		};
		28E824341B623D0E00EB306F /* Debug */ = {
			isa = XCBuildConfiguration;
			buildSettings = {
				BUNDLE_LOADER = "$(TEST_HOST)";
				FRAMEWORK_SEARCH_PATHS = (
					"$(SDKROOT)/Developer/Library/Frameworks",
					"$(inherited)",
				);
				GCC_PREPROCESSOR_DEFINITIONS = (
					"DEBUG=1",
					"$(inherited)",
				);
				INFOPLIST_FILE = DrawingTests/Info.plist;
				LD_RUNPATH_SEARCH_PATHS = "$(inherited) @executable_path/Frameworks @loader_path/Frameworks";
				PRODUCT_NAME = "$(TARGET_NAME)";
				TEST_HOST = "$(BUILT_PRODUCTS_DIR)/Drawing.app/Drawing";
			};
			name = Debug;
		};
		28E824351B623D0E00EB306F /* Release */ = {
			isa = XCBuildConfiguration;
			buildSettings = {
				BUNDLE_LOADER = "$(TEST_HOST)";
				FRAMEWORK_SEARCH_PATHS = (
					"$(SDKROOT)/Developer/Library/Frameworks",
					"$(inherited)",
				);
				INFOPLIST_FILE = DrawingTests/Info.plist;
				LD_RUNPATH_SEARCH_PATHS = "$(inherited) @executable_path/Frameworks @loader_path/Frameworks";
				PRODUCT_NAME = "$(TARGET_NAME)";
				TEST_HOST = "$(BUILT_PRODUCTS_DIR)/Drawing.app/Drawing";
			};
			name = Release;
		};
/* End XCBuildConfiguration section */

/* Begin XCConfigurationList section */
		28E824081B623D0E00EB306F /* Build configuration list for PBXProject "Drawing" */ = {
			isa = XCConfigurationList;
			buildConfigurations = (
				28E8242E1B623D0E00EB306F /* Debug */,
				28E8242F1B623D0E00EB306F /* Release */,
			);
			defaultConfigurationIsVisible = 0;
			defaultConfigurationName = Release;
		};
		28E824301B623D0E00EB306F /* Build configuration list for PBXNativeTarget "Drawing" */ = {
			isa = XCConfigurationList;
			buildConfigurations = (
				28E824311B623D0E00EB306F /* Debug */,
				28E824321B623D0E00EB306F /* Release */,
			);
			defaultConfigurationIsVisible = 0;
			defaultConfigurationName = Release;
		};
		28E824331B623D0E00EB306F /* Build configuration list for PBXNativeTarget "DrawingTests" */ = {
			isa = XCConfigurationList;
			buildConfigurations = (
				28E824341B623D0E00EB306F /* Debug */,
				28E824351B623D0E00EB306F /* Release */,
			);
			defaultConfigurationIsVisible = 0;
			defaultConfigurationName = Release;
		};
/* End XCConfigurationList section */
	};
	rootObject = 28E824051B623D0E00EB306F /* Project object */;
}
